# This file is automatically @generated by Cargo.
# It is not intended for manual editing.
version = 4

[[package]]
name = "lx-attack"
version = "0.1.0"
dependencies = [
 "lx-exec",
 "lx-plugin",
 "lx-types",
]

[[package]]
name = "lx-audit"
version = "0.1.0"
dependencies = [
 "lx-classify",
 "lx-graph",
 "lx-oblig",
 "lx-receipt",
 "lx-render",
 "lx-types",
]

[[package]]
name = "lx-bench"
version = "0.1.0"

[[package]]
name = "lx-cache"
version = "0.1.0"
dependencies = [
 "lx-types",
]

[[package]]
name = "lx-capability"
version = "0.1.0"
dependencies = [
 "lx-types",
]

[[package]]
name = "lx-classify"
version = "0.1.0"
dependencies = [
 "lx-graph",
 "lx-types",
]

[[package]]
name = "lx-cli"
version = "0.1.0"
dependencies = [
 "lx-engine",
 "lx-render",
 "lx-verify",
]

[[package]]
name = "lx-conformance"
version = "0.1.0"
dependencies = [
 "lx-receipt",
 "lx-types",
 "lx-verdict",
 "lx-verify",
]

[[package]]
name = "lx-discriminate"
version = "0.1.0"
dependencies = [
 "lx-exec",
 "lx-types",
]

[[package]]
name = "lx-engine"
version = "0.1.0"
dependencies = [
 "lx-attack",
 "lx-cache",
 "lx-capability",
 "lx-classify",
 "lx-discriminate",
 "lx-exec",
 "lx-graph",
 "lx-invariant",
 "lx-ledger",
 "lx-llm",
 "lx-oblig",
 "lx-plan",
 "lx-plugin",
 "lx-policy",
 "lx-receipt",
 "lx-render",
 "lx-sandbox",
 "lx-sign",
 "lx-triage",
 "lx-types",
 "lx-verdict",
]

[[package]]
name = "lx-exec"
version = "0.1.0"
dependencies = [
 "lx-cache",
 "lx-sandbox",
 "lx-types",
]

[[package]]
name = "lx-graph"
version = "0.1.0"
dependencies = [
 "lx-cache",
 "lx-types",
]

[[package]]
name = "lx-invariant"
version = "0.1.0"
dependencies = [
 "lx-exec",
 "lx-types",
]

[[package]]
name = "lx-ledger"
version = "0.1.0"
dependencies = [
 "lx-policy",
 "lx-types",
]

[[package]]
name = "lx-llm"
version = "0.1.0"
dependencies = [
 "lx-types",
]

[[package]]
name = "lx-mcp"
version = "0.1.0"
dependencies = [
 "lx-engine",
]

[[package]]
name = "lx-oblig"
version = "0.1.0"
dependencies = [
 "lx-classify",
 "lx-graph",
 "lx-ledger",
 "lx-policy",
 "lx-types",
]

[[package]]
name = "lx-plan"
version = "0.1.0"
dependencies = [
 "lx-capability",
 "lx-policy",
 "lx-types",
]

[[package]]
name = "lx-plugin"
version = "0.1.0"
dependencies = [
 "lx-capability",
 "lx-sandbox",
 "lx-types",
]

[[package]]
name = "lx-policy"
version = "0.1.0"
dependencies = [
 "lx-types",
]

[[package]]
name = "lx-receipt"
version = "0.1.0"
dependencies = [
 "lx-types",
]

[[package]]
name = "lx-render"
version = "0.1.0"
dependencies = [
 "lx-receipt",
 "lx-types",
]

[[package]]
name = "lx-sandbox"
version = "0.1.0"
dependencies = [
 "lx-policy",
 "lx-types",
]

[[package]]
name = "lx-sign"
version = "0.1.0"
dependencies = [
 "lx-receipt",
 "lx-types",
]

[[package]]
name = "lx-triage"
version = "0.1.0"
dependencies = [
 "lx-llm",
 "lx-types",
]

[[package]]
name = "lx-types"
version = "0.1.0"

[[package]]
name = "lx-verdict"
version = "0.1.0"
dependencies = [
 "lx-types",
]

[[package]]
name = "lx-verify"
version = "0.1.0"
dependencies = [
 "lx-receipt",
 "lx-sign",
 "lx-types",
 "lx-verdict",
]

[[package]]
name = "xtask"
version = "0.1.0"
